
Microsoft Visual Studio Solution File, Format Version 12.00
# Visual Studio Version 16
VisualStudioVersion = 16.0.30804.86
MinimumVisualStudioVersion = 10.0.40219.1
Project("{2150E333-8FDC-42A3-9474-1A3956D46DE8}") = "입출력과 사칙연산", "입출력과 사칙연산", "{83EF1CAF-391D-487F-A911-2AEB2F7589FF}"
EndProject
Project("{8BC9CEB8-8B4A-11D0-8D11-00A0C91BC942}") = "bj_2588", "baekjoon\입출력과 사칙연산\bj_2588\bj_2588.vcxproj", "{1FDB0127-DD64-4F09-B33A-703B3CE625A8}"
EndProject
Project("{2150E333-8FDC-42A3-9474-1A3956D46DE8}") = "if문", "if문", "{5ED7ABBF-4259-4FAE-875A-678EAE8097B2}"
EndProject
Project("{8BC9CEB8-8B4A-11D0-8D11-00A0C91BC942}") = "bj_1330", "baekjoon\if문\bj_1330\bj_1330.vcxproj", "{12F41A52-887F-4130-97C0-A1D1A34D7D0C}"
EndProject
Project("{8BC9CEB8-8B4A-11D0-8D11-00A0C91BC942}") = "bj_9498", "baekjoon\if문\bj_9498\bj_9498.vcxproj", "{90B07D58-5D95-4520-82C2-84B62AB9BF70}"
EndProject
Project("{8BC9CEB8-8B4A-11D0-8D11-00A0C91BC942}") = "bj_2753", "baekjoon\if문\bj_2753\bj_2753.vcxproj", "{0B1E7EE2-0824-4590-8701-D688EE7BF134}"
EndProject
Project("{8BC9CEB8-8B4A-11D0-8D11-00A0C91BC942}") = "bj_14681", "baekjoon\if문\bj_14681\bj_14681.vcxproj", "{FF77647D-5CC8-462D-940D-844B62C701C6}"
EndProject
Project("{8BC9CEB8-8B4A-11D0-8D11-00A0C91BC942}") = "bj_2884", "baekjoon\if문\bj_2884\bj_2884.vcxproj", "{8FB3E489-0333-4D95-A366-97045ADE3DAA}"
EndProject
Project("{2150E333-8FDC-42A3-9474-1A3956D46DE8}") = "for문", "for문", "{8D3E8A50-A184-4345-B60B-142FF26FD3CF}"
EndProject
Project("{8BC9CEB8-8B4A-11D0-8D11-00A0C91BC942}") = "bj_2739", "baekjoon\for문\bj_2739\bj_2739.vcxproj", "{14EF3107-6A28-44EA-8690-74E6CED722A7}"
EndProject
Project("{8BC9CEB8-8B4A-11D0-8D11-00A0C91BC942}") = "bj_10950", "baekjoon\for문\bj_10950\bj_10950.vcxproj", "{B24A4EDF-44F5-48BF-A8EF-CB867D2326A4}"
EndProject
Project("{8BC9CEB8-8B4A-11D0-8D11-00A0C91BC942}") = "bj_8393", "baekjoon\for문\bj_8393\bj_8393.vcxproj", "{FD33A1F4-1B8B-4309-AC45-8340C2392429}"
EndProject
Project("{8BC9CEB8-8B4A-11D0-8D11-00A0C91BC942}") = "bj_15552", "baekjoon\for문\bj_15552\bj_15552.vcxproj", "{6212E96A-C7C9-4EC5-9A02-CD241F51BCF3}"
EndProject
Project("{8BC9CEB8-8B4A-11D0-8D11-00A0C91BC942}") = "bj_2741", "baekjoon\for문\bj_2741\bj_2741.vcxproj", "{900578E4-FDD1-4389-A623-E293B40C91D4}"
EndProject
Project("{8BC9CEB8-8B4A-11D0-8D11-00A0C91BC942}") = "bj_2742", "baekjoon\for문\bj_2742\bj_2742.vcxproj", "{FC40265D-CC74-4AE4-87C4-D5A0DB9817F3}"
EndProject
Project("{8BC9CEB8-8B4A-11D0-8D11-00A0C91BC942}") = "bj_11021", "baekjoon\for문\bj_11021\bj_11021.vcxproj", "{00C9F4A3-F1D5-400B-9BD0-5DAB8A0E350E}"
EndProject
Project("{8BC9CEB8-8B4A-11D0-8D11-00A0C91BC942}") = "bj_11022", "baekjoon\for문\bj_11022\bj_11022.vcxproj", "{272F25C6-BBC4-469B-8590-B7244650B181}"
EndProject
Project("{8BC9CEB8-8B4A-11D0-8D11-00A0C91BC942}") = "bj_2438", "baekjoon\for문\bj_2438\bj_2438.vcxproj", "{9AB6FB15-C8AC-4C0F-B5EA-225B91305C22}"
EndProject
Project("{8BC9CEB8-8B4A-11D0-8D11-00A0C91BC942}") = "bj_2439", "baekjoon\for문\bj_2439\bj_2439.vcxproj", "{5C223C3B-89A5-4379-82B9-A344F481A75C}"
EndProject
Project("{8BC9CEB8-8B4A-11D0-8D11-00A0C91BC942}") = "bj_10871", "baekjoon\for문\bj_10871\bj_10871.vcxproj", "{49A1C5C1-B084-42E0-9BA5-25B5642F8084}"
EndProject
Project("{2150E333-8FDC-42A3-9474-1A3956D46DE8}") = "baekjoon", "baekjoon", "{78833419-D232-419E-8530-E9578FB887FA}"
EndProject
Project("{2150E333-8FDC-42A3-9474-1A3956D46DE8}") = "while문", "while문", "{0EBC49F7-3764-42F1-AC93-2C55C532912D}"
EndProject
Project("{8BC9CEB8-8B4A-11D0-8D11-00A0C91BC942}") = "bj_10952", "baekjoon\while문\bj_10952\bj_10952.vcxproj", "{35F7558A-4D1D-49CC-9EA3-2CD2C51F108A}"
EndProject
Project("{8BC9CEB8-8B4A-11D0-8D11-00A0C91BC942}") = "bj_10951", "baekjoon\while문\bj_10951\bj_10951.vcxproj", "{FBF35037-7C24-46B3-B3D5-40F70CD10D95}"
EndProject
Project("{8BC9CEB8-8B4A-11D0-8D11-00A0C91BC942}") = "bj_1110", "baekjoon\while문\bj_1110\bj_1110.vcxproj", "{E22B65D3-A76D-4D43-94DA-545868C55A64}"
EndProject
Project("{2150E333-8FDC-42A3-9474-1A3956D46DE8}") = "1차원배열", "1차원배열", "{704E89D6-D765-4E39-BF17-58F0201E16FB}"
EndProject
Project("{8BC9CEB8-8B4A-11D0-8D11-00A0C91BC942}") = "bj_10818", "baekjoon\1차원배열\bj_10818\bj_10818.vcxproj", "{F71FE4B8-59CC-4330-A22B-92B26CD10DBF}"
EndProject
Project("{8BC9CEB8-8B4A-11D0-8D11-00A0C91BC942}") = "bj_2562", "baekjoon\1차원배열\bj_2562\bj_2562.vcxproj", "{D6EA8D8B-6B7B-44AF-B208-5ACDCAFE94F3}"
EndProject
Project("{8BC9CEB8-8B4A-11D0-8D11-00A0C91BC942}") = "bj_2577", "baekjoon\1차원배열\bj_2577\bj_2577.vcxproj", "{DAAB7C4F-B3B4-44F3-AB42-37A1409A2C9A}"
EndProject
Project("{8BC9CEB8-8B4A-11D0-8D11-00A0C91BC942}") = "bj_3052", "baekjoon\1차원배열\bj_3052\bj_3052.vcxproj", "{92896FF2-AEB8-4CEC-BE11-2E936D999D0F}"
EndProject
Global
	GlobalSection(SolutionConfigurationPlatforms) = preSolution
		Debug|x64 = Debug|x64
		Debug|x86 = Debug|x86
		Release|x64 = Release|x64
		Release|x86 = Release|x86
	EndGlobalSection
	GlobalSection(ProjectConfigurationPlatforms) = postSolution
		{1FDB0127-DD64-4F09-B33A-703B3CE625A8}.Debug|x64.ActiveCfg = Debug|x64
		{1FDB0127-DD64-4F09-B33A-703B3CE625A8}.Debug|x64.Build.0 = Debug|x64
		{1FDB0127-DD64-4F09-B33A-703B3CE625A8}.Debug|x86.ActiveCfg = Debug|Win32
		{1FDB0127-DD64-4F09-B33A-703B3CE625A8}.Debug|x86.Build.0 = Debug|Win32
		{1FDB0127-DD64-4F09-B33A-703B3CE625A8}.Release|x64.ActiveCfg = Release|x64
		{1FDB0127-DD64-4F09-B33A-703B3CE625A8}.Release|x64.Build.0 = Release|x64
		{1FDB0127-DD64-4F09-B33A-703B3CE625A8}.Release|x86.ActiveCfg = Release|Win32
		{1FDB0127-DD64-4F09-B33A-703B3CE625A8}.Release|x86.Build.0 = Release|Win32
		{12F41A52-887F-4130-97C0-A1D1A34D7D0C}.Debug|x64.ActiveCfg = Debug|x64
		{12F41A52-887F-4130-97C0-A1D1A34D7D0C}.Debug|x64.Build.0 = Debug|x64
		{12F41A52-887F-4130-97C0-A1D1A34D7D0C}.Debug|x86.ActiveCfg = Debug|Win32
		{12F41A52-887F-4130-97C0-A1D1A34D7D0C}.Debug|x86.Build.0 = Debug|Win32
		{12F41A52-887F-4130-97C0-A1D1A34D7D0C}.Release|x64.ActiveCfg = Release|x64
		{12F41A52-887F-4130-97C0-A1D1A34D7D0C}.Release|x64.Build.0 = Release|x64
		{12F41A52-887F-4130-97C0-A1D1A34D7D0C}.Release|x86.ActiveCfg = Release|Win32
		{12F41A52-887F-4130-97C0-A1D1A34D7D0C}.Release|x86.Build.0 = Release|Win32
		{90B07D58-5D95-4520-82C2-84B62AB9BF70}.Debug|x64.ActiveCfg = Debug|x64
		{90B07D58-5D95-4520-82C2-84B62AB9BF70}.Debug|x64.Build.0 = Debug|x64
		{90B07D58-5D95-4520-82C2-84B62AB9BF70}.Debug|x86.ActiveCfg = Debug|Win32
		{90B07D58-5D95-4520-82C2-84B62AB9BF70}.Debug|x86.Build.0 = Debug|Win32
		{90B07D58-5D95-4520-82C2-84B62AB9BF70}.Release|x64.ActiveCfg = Release|x64
		{90B07D58-5D95-4520-82C2-84B62AB9BF70}.Release|x64.Build.0 = Release|x64
		{90B07D58-5D95-4520-82C2-84B62AB9BF70}.Release|x86.ActiveCfg = Release|Win32
		{90B07D58-5D95-4520-82C2-84B62AB9BF70}.Release|x86.Build.0 = Release|Win32
		{0B1E7EE2-0824-4590-8701-D688EE7BF134}.Debug|x64.ActiveCfg = Debug|x64
		{0B1E7EE2-0824-4590-8701-D688EE7BF134}.Debug|x64.Build.0 = Debug|x64
		{0B1E7EE2-0824-4590-8701-D688EE7BF134}.Debug|x86.ActiveCfg = Debug|Win32
		{0B1E7EE2-0824-4590-8701-D688EE7BF134}.Debug|x86.Build.0 = Debug|Win32
		{0B1E7EE2-0824-4590-8701-D688EE7BF134}.Release|x64.ActiveCfg = Release|x64
		{0B1E7EE2-0824-4590-8701-D688EE7BF134}.Release|x64.Build.0 = Release|x64
		{0B1E7EE2-0824-4590-8701-D688EE7BF134}.Release|x86.ActiveCfg = Release|Win32
		{0B1E7EE2-0824-4590-8701-D688EE7BF134}.Release|x86.Build.0 = Release|Win32
		{FF77647D-5CC8-462D-940D-844B62C701C6}.Debug|x64.ActiveCfg = Debug|x64
		{FF77647D-5CC8-462D-940D-844B62C701C6}.Debug|x64.Build.0 = Debug|x64
		{FF77647D-5CC8-462D-940D-844B62C701C6}.Debug|x86.ActiveCfg = Debug|Win32
		{FF77647D-5CC8-462D-940D-844B62C701C6}.Debug|x86.Build.0 = Debug|Win32
		{FF77647D-5CC8-462D-940D-844B62C701C6}.Release|x64.ActiveCfg = Release|x64
		{FF77647D-5CC8-462D-940D-844B62C701C6}.Release|x64.Build.0 = Release|x64
		{FF77647D-5CC8-462D-940D-844B62C701C6}.Release|x86.ActiveCfg = Release|Win32
		{FF77647D-5CC8-462D-940D-844B62C701C6}.Release|x86.Build.0 = Release|Win32
		{8FB3E489-0333-4D95-A366-97045ADE3DAA}.Debug|x64.ActiveCfg = Debug|x64
		{8FB3E489-0333-4D95-A366-97045ADE3DAA}.Debug|x64.Build.0 = Debug|x64
		{8FB3E489-0333-4D95-A366-97045ADE3DAA}.Debug|x86.ActiveCfg = Debug|Win32
		{8FB3E489-0333-4D95-A366-97045ADE3DAA}.Debug|x86.Build.0 = Debug|Win32
		{8FB3E489-0333-4D95-A366-97045ADE3DAA}.Release|x64.ActiveCfg = Release|x64
		{8FB3E489-0333-4D95-A366-97045ADE3DAA}.Release|x64.Build.0 = Release|x64
		{8FB3E489-0333-4D95-A366-97045ADE3DAA}.Release|x86.ActiveCfg = Release|Win32
		{8FB3E489-0333-4D95-A366-97045ADE3DAA}.Release|x86.Build.0 = Release|Win32
		{14EF3107-6A28-44EA-8690-74E6CED722A7}.Debug|x64.ActiveCfg = Debug|x64
		{14EF3107-6A28-44EA-8690-74E6CED722A7}.Debug|x64.Build.0 = Debug|x64
		{14EF3107-6A28-44EA-8690-74E6CED722A7}.Debug|x86.ActiveCfg = Debug|Win32
		{14EF3107-6A28-44EA-8690-74E6CED722A7}.Debug|x86.Build.0 = Debug|Win32
		{14EF3107-6A28-44EA-8690-74E6CED722A7}.Release|x64.ActiveCfg = Release|x64
		{14EF3107-6A28-44EA-8690-74E6CED722A7}.Release|x64.Build.0 = Release|x64
		{14EF3107-6A28-44EA-8690-74E6CED722A7}.Release|x86.ActiveCfg = Release|Win32
		{14EF3107-6A28-44EA-8690-74E6CED722A7}.Release|x86.Build.0 = Release|Win32
		{B24A4EDF-44F5-48BF-A8EF-CB867D2326A4}.Debug|x64.ActiveCfg = Debug|x64
		{B24A4EDF-44F5-48BF-A8EF-CB867D2326A4}.Debug|x64.Build.0 = Debug|x64
		{B24A4EDF-44F5-48BF-A8EF-CB867D2326A4}.Debug|x86.ActiveCfg = Debug|Win32
		{B24A4EDF-44F5-48BF-A8EF-CB867D2326A4}.Debug|x86.Build.0 = Debug|Win32
		{B24A4EDF-44F5-48BF-A8EF-CB867D2326A4}.Release|x64.ActiveCfg = Release|x64
		{B24A4EDF-44F5-48BF-A8EF-CB867D2326A4}.Release|x64.Build.0 = Release|x64
		{B24A4EDF-44F5-48BF-A8EF-CB867D2326A4}.Release|x86.ActiveCfg = Release|Win32
		{B24A4EDF-44F5-48BF-A8EF-CB867D2326A4}.Release|x86.Build.0 = Release|Win32
		{FD33A1F4-1B8B-4309-AC45-8340C2392429}.Debug|x64.ActiveCfg = Debug|x64
		{FD33A1F4-1B8B-4309-AC45-8340C2392429}.Debug|x64.Build.0 = Debug|x64
		{FD33A1F4-1B8B-4309-AC45-8340C2392429}.Debug|x86.ActiveCfg = Debug|Win32
		{FD33A1F4-1B8B-4309-AC45-8340C2392429}.Debug|x86.Build.0 = Debug|Win32
		{FD33A1F4-1B8B-4309-AC45-8340C2392429}.Release|x64.ActiveCfg = Release|x64
		{FD33A1F4-1B8B-4309-AC45-8340C2392429}.Release|x64.Build.0 = Release|x64
		{FD33A1F4-1B8B-4309-AC45-8340C2392429}.Release|x86.ActiveCfg = Release|Win32
		{FD33A1F4-1B8B-4309-AC45-8340C2392429}.Release|x86.Build.0 = Release|Win32
		{6212E96A-C7C9-4EC5-9A02-CD241F51BCF3}.Debug|x64.ActiveCfg = Debug|x64
		{6212E96A-C7C9-4EC5-9A02-CD241F51BCF3}.Debug|x64.Build.0 = Debug|x64
		{6212E96A-C7C9-4EC5-9A02-CD241F51BCF3}.Debug|x86.ActiveCfg = Debug|Win32
		{6212E96A-C7C9-4EC5-9A02-CD241F51BCF3}.Debug|x86.Build.0 = Debug|Win32
		{6212E96A-C7C9-4EC5-9A02-CD241F51BCF3}.Release|x64.ActiveCfg = Release|x64
		{6212E96A-C7C9-4EC5-9A02-CD241F51BCF3}.Release|x64.Build.0 = Release|x64
		{6212E96A-C7C9-4EC5-9A02-CD241F51BCF3}.Release|x86.ActiveCfg = Release|Win32
		{6212E96A-C7C9-4EC5-9A02-CD241F51BCF3}.Release|x86.Build.0 = Release|Win32
		{900578E4-FDD1-4389-A623-E293B40C91D4}.Debug|x64.ActiveCfg = Debug|x64
		{900578E4-FDD1-4389-A623-E293B40C91D4}.Debug|x64.Build.0 = Debug|x64
		{900578E4-FDD1-4389-A623-E293B40C91D4}.Debug|x86.ActiveCfg = Debug|Win32
		{900578E4-FDD1-4389-A623-E293B40C91D4}.Debug|x86.Build.0 = Debug|Win32
		{900578E4-FDD1-4389-A623-E293B40C91D4}.Release|x64.ActiveCfg = Release|x64
		{900578E4-FDD1-4389-A623-E293B40C91D4}.Release|x64.Build.0 = Release|x64
		{900578E4-FDD1-4389-A623-E293B40C91D4}.Release|x86.ActiveCfg = Release|Win32
		{900578E4-FDD1-4389-A623-E293B40C91D4}.Release|x86.Build.0 = Release|Win32
		{FC40265D-CC74-4AE4-87C4-D5A0DB9817F3}.Debug|x64.ActiveCfg = Debug|x64
		{FC40265D-CC74-4AE4-87C4-D5A0DB9817F3}.Debug|x64.Build.0 = Debug|x64
		{FC40265D-CC74-4AE4-87C4-D5A0DB9817F3}.Debug|x86.ActiveCfg = Debug|Win32
		{FC40265D-CC74-4AE4-87C4-D5A0DB9817F3}.Debug|x86.Build.0 = Debug|Win32
		{FC40265D-CC74-4AE4-87C4-D5A0DB9817F3}.Release|x64.ActiveCfg = Release|x64
		{FC40265D-CC74-4AE4-87C4-D5A0DB9817F3}.Release|x64.Build.0 = Release|x64
		{FC40265D-CC74-4AE4-87C4-D5A0DB9817F3}.Release|x86.ActiveCfg = Release|Win32
		{FC40265D-CC74-4AE4-87C4-D5A0DB9817F3}.Release|x86.Build.0 = Release|Win32
		{00C9F4A3-F1D5-400B-9BD0-5DAB8A0E350E}.Debug|x64.ActiveCfg = Debug|x64
		{00C9F4A3-F1D5-400B-9BD0-5DAB8A0E350E}.Debug|x64.Build.0 = Debug|x64
		{00C9F4A3-F1D5-400B-9BD0-5DAB8A0E350E}.Debug|x86.ActiveCfg = Debug|Win32
		{00C9F4A3-F1D5-400B-9BD0-5DAB8A0E350E}.Debug|x86.Build.0 = Debug|Win32
		{00C9F4A3-F1D5-400B-9BD0-5DAB8A0E350E}.Release|x64.ActiveCfg = Release|x64
		{00C9F4A3-F1D5-400B-9BD0-5DAB8A0E350E}.Release|x64.Build.0 = Release|x64
		{00C9F4A3-F1D5-400B-9BD0-5DAB8A0E350E}.Release|x86.ActiveCfg = Release|Win32
		{00C9F4A3-F1D5-400B-9BD0-5DAB8A0E350E}.Release|x86.Build.0 = Release|Win32
		{272F25C6-BBC4-469B-8590-B7244650B181}.Debug|x64.ActiveCfg = Debug|x64
		{272F25C6-BBC4-469B-8590-B7244650B181}.Debug|x64.Build.0 = Debug|x64
		{272F25C6-BBC4-469B-8590-B7244650B181}.Debug|x86.ActiveCfg = Debug|Win32
		{272F25C6-BBC4-469B-8590-B7244650B181}.Debug|x86.Build.0 = Debug|Win32
		{272F25C6-BBC4-469B-8590-B7244650B181}.Release|x64.ActiveCfg = Release|x64
		{272F25C6-BBC4-469B-8590-B7244650B181}.Release|x64.Build.0 = Release|x64
		{272F25C6-BBC4-469B-8590-B7244650B181}.Release|x86.ActiveCfg = Release|Win32
		{272F25C6-BBC4-469B-8590-B7244650B181}.Release|x86.Build.0 = Release|Win32
		{9AB6FB15-C8AC-4C0F-B5EA-225B91305C22}.Debug|x64.ActiveCfg = Debug|x64
		{9AB6FB15-C8AC-4C0F-B5EA-225B91305C22}.Debug|x64.Build.0 = Debug|x64
		{9AB6FB15-C8AC-4C0F-B5EA-225B91305C22}.Debug|x86.ActiveCfg = Debug|Win32
		{9AB6FB15-C8AC-4C0F-B5EA-225B91305C22}.Debug|x86.Build.0 = Debug|Win32
		{9AB6FB15-C8AC-4C0F-B5EA-225B91305C22}.Release|x64.ActiveCfg = Release|x64
		{9AB6FB15-C8AC-4C0F-B5EA-225B91305C22}.Release|x64.Build.0 = Release|x64
		{9AB6FB15-C8AC-4C0F-B5EA-225B91305C22}.Release|x86.ActiveCfg = Release|Win32
		{9AB6FB15-C8AC-4C0F-B5EA-225B91305C22}.Release|x86.Build.0 = Release|Win32
		{5C223C3B-89A5-4379-82B9-A344F481A75C}.Debug|x64.ActiveCfg = Debug|x64
		{5C223C3B-89A5-4379-82B9-A344F481A75C}.Debug|x64.Build.0 = Debug|x64
		{5C223C3B-89A5-4379-82B9-A344F481A75C}.Debug|x86.ActiveCfg = Debug|Win32
		{5C223C3B-89A5-4379-82B9-A344F481A75C}.Debug|x86.Build.0 = Debug|Win32
		{5C223C3B-89A5-4379-82B9-A344F481A75C}.Release|x64.ActiveCfg = Release|x64
		{5C223C3B-89A5-4379-82B9-A344F481A75C}.Release|x64.Build.0 = Release|x64
		{5C223C3B-89A5-4379-82B9-A344F481A75C}.Release|x86.ActiveCfg = Release|Win32
		{5C223C3B-89A5-4379-82B9-A344F481A75C}.Release|x86.Build.0 = Release|Win32
		{49A1C5C1-B084-42E0-9BA5-25B5642F8084}.Debug|x64.ActiveCfg = Debug|x64
		{49A1C5C1-B084-42E0-9BA5-25B5642F8084}.Debug|x64.Build.0 = Debug|x64
		{49A1C5C1-B084-42E0-9BA5-25B5642F8084}.Debug|x86.ActiveCfg = Debug|Win32
		{49A1C5C1-B084-42E0-9BA5-25B5642F8084}.Debug|x86.Build.0 = Debug|Win32
		{49A1C5C1-B084-42E0-9BA5-25B5642F8084}.Release|x64.ActiveCfg = Release|x64
		{49A1C5C1-B084-42E0-9BA5-25B5642F8084}.Release|x64.Build.0 = Release|x64
		{49A1C5C1-B084-42E0-9BA5-25B5642F8084}.Release|x86.ActiveCfg = Release|Win32
		{49A1C5C1-B084-42E0-9BA5-25B5642F8084}.Release|x86.Build.0 = Release|Win32
		{35F7558A-4D1D-49CC-9EA3-2CD2C51F108A}.Debug|x64.ActiveCfg = Debug|x64
		{35F7558A-4D1D-49CC-9EA3-2CD2C51F108A}.Debug|x64.Build.0 = Debug|x64
		{35F7558A-4D1D-49CC-9EA3-2CD2C51F108A}.Debug|x86.ActiveCfg = Debug|Win32
		{35F7558A-4D1D-49CC-9EA3-2CD2C51F108A}.Debug|x86.Build.0 = Debug|Win32
		{35F7558A-4D1D-49CC-9EA3-2CD2C51F108A}.Release|x64.ActiveCfg = Release|x64
		{35F7558A-4D1D-49CC-9EA3-2CD2C51F108A}.Release|x64.Build.0 = Release|x64
		{35F7558A-4D1D-49CC-9EA3-2CD2C51F108A}.Release|x86.ActiveCfg = Release|Win32
		{35F7558A-4D1D-49CC-9EA3-2CD2C51F108A}.Release|x86.Build.0 = Release|Win32
		{FBF35037-7C24-46B3-B3D5-40F70CD10D95}.Debug|x64.ActiveCfg = Debug|x64
		{FBF35037-7C24-46B3-B3D5-40F70CD10D95}.Debug|x64.Build.0 = Debug|x64
		{FBF35037-7C24-46B3-B3D5-40F70CD10D95}.Debug|x86.ActiveCfg = Debug|Win32
		{FBF35037-7C24-46B3-B3D5-40F70CD10D95}.Debug|x86.Build.0 = Debug|Win32
		{FBF35037-7C24-46B3-B3D5-40F70CD10D95}.Release|x64.ActiveCfg = Release|x64
		{FBF35037-7C24-46B3-B3D5-40F70CD10D95}.Release|x64.Build.0 = Release|x64
		{FBF35037-7C24-46B3-B3D5-40F70CD10D95}.Release|x86.ActiveCfg = Release|Win32
		{FBF35037-7C24-46B3-B3D5-40F70CD10D95}.Release|x86.Build.0 = Release|Win32
		{E22B65D3-A76D-4D43-94DA-545868C55A64}.Debug|x64.ActiveCfg = Debug|x64
		{E22B65D3-A76D-4D43-94DA-545868C55A64}.Debug|x64.Build.0 = Debug|x64
		{E22B65D3-A76D-4D43-94DA-545868C55A64}.Debug|x86.ActiveCfg = Debug|Win32
		{E22B65D3-A76D-4D43-94DA-545868C55A64}.Debug|x86.Build.0 = Debug|Win32
		{E22B65D3-A76D-4D43-94DA-545868C55A64}.Release|x64.ActiveCfg = Release|x64
		{E22B65D3-A76D-4D43-94DA-545868C55A64}.Release|x64.Build.0 = Release|x64
		{E22B65D3-A76D-4D43-94DA-545868C55A64}.Release|x86.ActiveCfg = Release|Win32
		{E22B65D3-A76D-4D43-94DA-545868C55A64}.Release|x86.Build.0 = Release|Win32
		{F71FE4B8-59CC-4330-A22B-92B26CD10DBF}.Debug|x64.ActiveCfg = Debug|x64
		{F71FE4B8-59CC-4330-A22B-92B26CD10DBF}.Debug|x64.Build.0 = Debug|x64
		{F71FE4B8-59CC-4330-A22B-92B26CD10DBF}.Debug|x86.ActiveCfg = Debug|Win32
		{F71FE4B8-59CC-4330-A22B-92B26CD10DBF}.Debug|x86.Build.0 = Debug|Win32
		{F71FE4B8-59CC-4330-A22B-92B26CD10DBF}.Release|x64.ActiveCfg = Release|x64
		{F71FE4B8-59CC-4330-A22B-92B26CD10DBF}.Release|x64.Build.0 = Release|x64
		{F71FE4B8-59CC-4330-A22B-92B26CD10DBF}.Release|x86.ActiveCfg = Release|Win32
		{F71FE4B8-59CC-4330-A22B-92B26CD10DBF}.Release|x86.Build.0 = Release|Win32
		{D6EA8D8B-6B7B-44AF-B208-5ACDCAFE94F3}.Debug|x64.ActiveCfg = Debug|x64
		{D6EA8D8B-6B7B-44AF-B208-5ACDCAFE94F3}.Debug|x64.Build.0 = Debug|x64
		{D6EA8D8B-6B7B-44AF-B208-5ACDCAFE94F3}.Debug|x86.ActiveCfg = Debug|Win32
		{D6EA8D8B-6B7B-44AF-B208-5ACDCAFE94F3}.Debug|x86.Build.0 = Debug|Win32
		{D6EA8D8B-6B7B-44AF-B208-5ACDCAFE94F3}.Release|x64.ActiveCfg = Release|x64
		{D6EA8D8B-6B7B-44AF-B208-5ACDCAFE94F3}.Release|x64.Build.0 = Release|x64
		{D6EA8D8B-6B7B-44AF-B208-5ACDCAFE94F3}.Release|x86.ActiveCfg = Release|Win32
		{D6EA8D8B-6B7B-44AF-B208-5ACDCAFE94F3}.Release|x86.Build.0 = Release|Win32
		{DAAB7C4F-B3B4-44F3-AB42-37A1409A2C9A}.Debug|x64.ActiveCfg = Debug|x64
		{DAAB7C4F-B3B4-44F3-AB42-37A1409A2C9A}.Debug|x64.Build.0 = Debug|x64
		{DAAB7C4F-B3B4-44F3-AB42-37A1409A2C9A}.Debug|x86.ActiveCfg = Debug|Win32
		{DAAB7C4F-B3B4-44F3-AB42-37A1409A2C9A}.Debug|x86.Build.0 = Debug|Win32
		{DAAB7C4F-B3B4-44F3-AB42-37A1409A2C9A}.Release|x64.ActiveCfg = Release|x64
		{DAAB7C4F-B3B4-44F3-AB42-37A1409A2C9A}.Release|x64.Build.0 = Release|x64
		{DAAB7C4F-B3B4-44F3-AB42-37A1409A2C9A}.Release|x86.ActiveCfg = Release|Win32
		{DAAB7C4F-B3B4-44F3-AB42-37A1409A2C9A}.Release|x86.Build.0 = Release|Win32
		{92896FF2-AEB8-4CEC-BE11-2E936D999D0F}.Debug|x64.ActiveCfg = Debug|x64
		{92896FF2-AEB8-4CEC-BE11-2E936D999D0F}.Debug|x64.Build.0 = Debug|x64
		{92896FF2-AEB8-4CEC-BE11-2E936D999D0F}.Debug|x86.ActiveCfg = Debug|Win32
		{92896FF2-AEB8-4CEC-BE11-2E936D999D0F}.Debug|x86.Build.0 = Debug|Win32
		{92896FF2-AEB8-4CEC-BE11-2E936D999D0F}.Release|x64.ActiveCfg = Release|x64
		{92896FF2-AEB8-4CEC-BE11-2E936D999D0F}.Release|x64.Build.0 = Release|x64
		{92896FF2-AEB8-4CEC-BE11-2E936D999D0F}.Release|x86.ActiveCfg = Release|Win32
		{92896FF2-AEB8-4CEC-BE11-2E936D999D0F}.Release|x86.Build.0 = Release|Win32
	EndGlobalSection
	GlobalSection(SolutionProperties) = preSolution
		HideSolutionNode = FALSE
	EndGlobalSection
	GlobalSection(NestedProjects) = preSolution
		{83EF1CAF-391D-487F-A911-2AEB2F7589FF} = {78833419-D232-419E-8530-E9578FB887FA}
		{1FDB0127-DD64-4F09-B33A-703B3CE625A8} = {83EF1CAF-391D-487F-A911-2AEB2F7589FF}
		{5ED7ABBF-4259-4FAE-875A-678EAE8097B2} = {78833419-D232-419E-8530-E9578FB887FA}
		{12F41A52-887F-4130-97C0-A1D1A34D7D0C} = {5ED7ABBF-4259-4FAE-875A-678EAE8097B2}
		{90B07D58-5D95-4520-82C2-84B62AB9BF70} = {5ED7ABBF-4259-4FAE-875A-678EAE8097B2}
		{0B1E7EE2-0824-4590-8701-D688EE7BF134} = {5ED7ABBF-4259-4FAE-875A-678EAE8097B2}
		{FF77647D-5CC8-462D-940D-844B62C701C6} = {5ED7ABBF-4259-4FAE-875A-678EAE8097B2}
		{8FB3E489-0333-4D95-A366-97045ADE3DAA} = {5ED7ABBF-4259-4FAE-875A-678EAE8097B2}
		{8D3E8A50-A184-4345-B60B-142FF26FD3CF} = {78833419-D232-419E-8530-E9578FB887FA}
		{14EF3107-6A28-44EA-8690-74E6CED722A7} = {8D3E8A50-A184-4345-B60B-142FF26FD3CF}
		{B24A4EDF-44F5-48BF-A8EF-CB867D2326A4} = {8D3E8A50-A184-4345-B60B-142FF26FD3CF}
		{FD33A1F4-1B8B-4309-AC45-8340C2392429} = {8D3E8A50-A184-4345-B60B-142FF26FD3CF}
		{6212E96A-C7C9-4EC5-9A02-CD241F51BCF3} = {8D3E8A50-A184-4345-B60B-142FF26FD3CF}
		{900578E4-FDD1-4389-A623-E293B40C91D4} = {8D3E8A50-A184-4345-B60B-142FF26FD3CF}
		{FC40265D-CC74-4AE4-87C4-D5A0DB9817F3} = {8D3E8A50-A184-4345-B60B-142FF26FD3CF}
		{00C9F4A3-F1D5-400B-9BD0-5DAB8A0E350E} = {8D3E8A50-A184-4345-B60B-142FF26FD3CF}
		{272F25C6-BBC4-469B-8590-B7244650B181} = {8D3E8A50-A184-4345-B60B-142FF26FD3CF}
		{9AB6FB15-C8AC-4C0F-B5EA-225B91305C22} = {8D3E8A50-A184-4345-B60B-142FF26FD3CF}
		{5C223C3B-89A5-4379-82B9-A344F481A75C} = {8D3E8A50-A184-4345-B60B-142FF26FD3CF}
		{49A1C5C1-B084-42E0-9BA5-25B5642F8084} = {8D3E8A50-A184-4345-B60B-142FF26FD3CF}
		{0EBC49F7-3764-42F1-AC93-2C55C532912D} = {78833419-D232-419E-8530-E9578FB887FA}
		{35F7558A-4D1D-49CC-9EA3-2CD2C51F108A} = {0EBC49F7-3764-42F1-AC93-2C55C532912D}
		{FBF35037-7C24-46B3-B3D5-40F70CD10D95} = {0EBC49F7-3764-42F1-AC93-2C55C532912D}
		{E22B65D3-A76D-4D43-94DA-545868C55A64} = {0EBC49F7-3764-42F1-AC93-2C55C532912D}
		{704E89D6-D765-4E39-BF17-58F0201E16FB} = {78833419-D232-419E-8530-E9578FB887FA}
		{F71FE4B8-59CC-4330-A22B-92B26CD10DBF} = {704E89D6-D765-4E39-BF17-58F0201E16FB}
		{D6EA8D8B-6B7B-44AF-B208-5ACDCAFE94F3} = {704E89D6-D765-4E39-BF17-58F0201E16FB}
		{DAAB7C4F-B3B4-44F3-AB42-37A1409A2C9A} = {704E89D6-D765-4E39-BF17-58F0201E16FB}
		{92896FF2-AEB8-4CEC-BE11-2E936D999D0F} = {704E89D6-D765-4E39-BF17-58F0201E16FB}
	EndGlobalSection
	GlobalSection(ExtensibilityGlobals) = postSolution
		SolutionGuid = {3A0E9C63-49C5-40D8-B13E-89857849D6D8}
	EndGlobalSection
EndGlobal
