
Microsoft Visual Studio Solution File, Format Version 12.00
# Visual Studio Version 16
VisualStudioVersion = 16.0.30804.86
MinimumVisualStudioVersion = 10.0.40219.1
Project("{2150E333-8FDC-42A3-9474-1A3956D46DE8}") = "입출력과 사칙연산", "입출력과 사칙연산", "{83EF1CAF-391D-487F-A911-2AEB2F7589FF}"
EndProject
Project("{8BC9CEB8-8B4A-11D0-8D11-00A0C91BC942}") = "bj_2588", "입출력과 사칙연산\bj_2588\bj_2588.vcxproj", "{1FDB0127-DD64-4F09-B33A-703B3CE625A8}"
EndProject
Project("{2150E333-8FDC-42A3-9474-1A3956D46DE8}") = "if문", "if문", "{5ED7ABBF-4259-4FAE-875A-678EAE8097B2}"
EndProject
Project("{8BC9CEB8-8B4A-11D0-8D11-00A0C91BC942}") = "bj_1330", "if문\bj_1330\bj_1330.vcxproj", "{12F41A52-887F-4130-97C0-A1D1A34D7D0C}"
EndProject
Project("{8BC9CEB8-8B4A-11D0-8D11-00A0C91BC942}") = "bj_9498", "if문\bj_9498\bj_9498.vcxproj", "{90B07D58-5D95-4520-82C2-84B62AB9BF70}"
EndProject
Project("{8BC9CEB8-8B4A-11D0-8D11-00A0C91BC942}") = "bj_2753", "if문\bj_2753\bj_2753.vcxproj", "{0B1E7EE2-0824-4590-8701-D688EE7BF134}"
EndProject
Project("{8BC9CEB8-8B4A-11D0-8D11-00A0C91BC942}") = "bj_14681", "if문\bj_14681\bj_14681.vcxproj", "{FF77647D-5CC8-462D-940D-844B62C701C6}"
EndProject
Project("{8BC9CEB8-8B4A-11D0-8D11-00A0C91BC942}") = "bj_2884", "if문\bj_2884\bj_2884.vcxproj", "{8FB3E489-0333-4D95-A366-97045ADE3DAA}"
EndProject
Project("{2150E333-8FDC-42A3-9474-1A3956D46DE8}") = "for문", "for문", "{8D3E8A50-A184-4345-B60B-142FF26FD3CF}"
EndProject
Project("{8BC9CEB8-8B4A-11D0-8D11-00A0C91BC942}") = "bj_2739", "for문\bj_2739\bj_2739.vcxproj", "{14EF3107-6A28-44EA-8690-74E6CED722A7}"
EndProject
Project("{8BC9CEB8-8B4A-11D0-8D11-00A0C91BC942}") = "bj_10950", "for문\bj_10950\bj_10950.vcxproj", "{B24A4EDF-44F5-48BF-A8EF-CB867D2326A4}"
EndProject
Project("{8BC9CEB8-8B4A-11D0-8D11-00A0C91BC942}") = "bj_8393", "for문\bj_8393\bj_8393.vcxproj", "{FD33A1F4-1B8B-4309-AC45-8340C2392429}"
EndProject
Project("{8BC9CEB8-8B4A-11D0-8D11-00A0C91BC942}") = "bj_15552", "for문\bj_15552\bj_15552.vcxproj", "{6212E96A-C7C9-4EC5-9A02-CD241F51BCF3}"
EndProject
Project("{8BC9CEB8-8B4A-11D0-8D11-00A0C91BC942}") = "bj_2741", "for문\bj_2741\bj_2741.vcxproj", "{900578E4-FDD1-4389-A623-E293B40C91D4}"
EndProject
Project("{8BC9CEB8-8B4A-11D0-8D11-00A0C91BC942}") = "bj_2742", "for문\bj_2742\bj_2742.vcxproj", "{FC40265D-CC74-4AE4-87C4-D5A0DB9817F3}"
EndProject
Global
	GlobalSection(SolutionConfigurationPlatforms) = preSolution
		Debug|x64 = Debug|x64
		Debug|x86 = Debug|x86
		Release|x64 = Release|x64
		Release|x86 = Release|x86
	EndGlobalSection
	GlobalSection(ProjectConfigurationPlatforms) = postSolution
		{1FDB0127-DD64-4F09-B33A-703B3CE625A8}.Debug|x64.ActiveCfg = Debug|x64
		{1FDB0127-DD64-4F09-B33A-703B3CE625A8}.Debug|x64.Build.0 = Debug|x64
		{1FDB0127-DD64-4F09-B33A-703B3CE625A8}.Debug|x86.ActiveCfg = Debug|Win32
		{1FDB0127-DD64-4F09-B33A-703B3CE625A8}.Debug|x86.Build.0 = Debug|Win32
		{1FDB0127-DD64-4F09-B33A-703B3CE625A8}.Release|x64.ActiveCfg = Release|x64
		{1FDB0127-DD64-4F09-B33A-703B3CE625A8}.Release|x64.Build.0 = Release|x64
		{1FDB0127-DD64-4F09-B33A-703B3CE625A8}.Release|x86.ActiveCfg = Release|Win32
		{1FDB0127-DD64-4F09-B33A-703B3CE625A8}.Release|x86.Build.0 = Release|Win32
		{12F41A52-887F-4130-97C0-A1D1A34D7D0C}.Debug|x64.ActiveCfg = Debug|x64
		{12F41A52-887F-4130-97C0-A1D1A34D7D0C}.Debug|x64.Build.0 = Debug|x64
		{12F41A52-887F-4130-97C0-A1D1A34D7D0C}.Debug|x86.ActiveCfg = Debug|Win32
		{12F41A52-887F-4130-97C0-A1D1A34D7D0C}.Debug|x86.Build.0 = Debug|Win32
		{12F41A52-887F-4130-97C0-A1D1A34D7D0C}.Release|x64.ActiveCfg = Release|x64
		{12F41A52-887F-4130-97C0-A1D1A34D7D0C}.Release|x64.Build.0 = Release|x64
		{12F41A52-887F-4130-97C0-A1D1A34D7D0C}.Release|x86.ActiveCfg = Release|Win32
		{12F41A52-887F-4130-97C0-A1D1A34D7D0C}.Release|x86.Build.0 = Release|Win32
		{90B07D58-5D95-4520-82C2-84B62AB9BF70}.Debug|x64.ActiveCfg = Debug|x64
		{90B07D58-5D95-4520-82C2-84B62AB9BF70}.Debug|x64.Build.0 = Debug|x64
		{90B07D58-5D95-4520-82C2-84B62AB9BF70}.Debug|x86.ActiveCfg = Debug|Win32
		{90B07D58-5D95-4520-82C2-84B62AB9BF70}.Debug|x86.Build.0 = Debug|Win32
		{90B07D58-5D95-4520-82C2-84B62AB9BF70}.Release|x64.ActiveCfg = Release|x64
		{90B07D58-5D95-4520-82C2-84B62AB9BF70}.Release|x64.Build.0 = Release|x64
		{90B07D58-5D95-4520-82C2-84B62AB9BF70}.Release|x86.ActiveCfg = Release|Win32
		{90B07D58-5D95-4520-82C2-84B62AB9BF70}.Release|x86.Build.0 = Release|Win32
		{0B1E7EE2-0824-4590-8701-D688EE7BF134}.Debug|x64.ActiveCfg = Debug|x64
		{0B1E7EE2-0824-4590-8701-D688EE7BF134}.Debug|x64.Build.0 = Debug|x64
		{0B1E7EE2-0824-4590-8701-D688EE7BF134}.Debug|x86.ActiveCfg = Debug|Win32
		{0B1E7EE2-0824-4590-8701-D688EE7BF134}.Debug|x86.Build.0 = Debug|Win32
		{0B1E7EE2-0824-4590-8701-D688EE7BF134}.Release|x64.ActiveCfg = Release|x64
		{0B1E7EE2-0824-4590-8701-D688EE7BF134}.Release|x64.Build.0 = Release|x64
		{0B1E7EE2-0824-4590-8701-D688EE7BF134}.Release|x86.ActiveCfg = Release|Win32
		{0B1E7EE2-0824-4590-8701-D688EE7BF134}.Release|x86.Build.0 = Release|Win32
		{FF77647D-5CC8-462D-940D-844B62C701C6}.Debug|x64.ActiveCfg = Debug|x64
		{FF77647D-5CC8-462D-940D-844B62C701C6}.Debug|x64.Build.0 = Debug|x64
		{FF77647D-5CC8-462D-940D-844B62C701C6}.Debug|x86.ActiveCfg = Debug|Win32
		{FF77647D-5CC8-462D-940D-844B62C701C6}.Debug|x86.Build.0 = Debug|Win32
		{FF77647D-5CC8-462D-940D-844B62C701C6}.Release|x64.ActiveCfg = Release|x64
		{FF77647D-5CC8-462D-940D-844B62C701C6}.Release|x64.Build.0 = Release|x64
		{FF77647D-5CC8-462D-940D-844B62C701C6}.Release|x86.ActiveCfg = Release|Win32
		{FF77647D-5CC8-462D-940D-844B62C701C6}.Release|x86.Build.0 = Release|Win32
		{8FB3E489-0333-4D95-A366-97045ADE3DAA}.Debug|x64.ActiveCfg = Debug|x64
		{8FB3E489-0333-4D95-A366-97045ADE3DAA}.Debug|x64.Build.0 = Debug|x64
		{8FB3E489-0333-4D95-A366-97045ADE3DAA}.Debug|x86.ActiveCfg = Debug|Win32
		{8FB3E489-0333-4D95-A366-97045ADE3DAA}.Debug|x86.Build.0 = Debug|Win32
		{8FB3E489-0333-4D95-A366-97045ADE3DAA}.Release|x64.ActiveCfg = Release|x64
		{8FB3E489-0333-4D95-A366-97045ADE3DAA}.Release|x64.Build.0 = Release|x64
		{8FB3E489-0333-4D95-A366-97045ADE3DAA}.Release|x86.ActiveCfg = Release|Win32
		{8FB3E489-0333-4D95-A366-97045ADE3DAA}.Release|x86.Build.0 = Release|Win32
		{14EF3107-6A28-44EA-8690-74E6CED722A7}.Debug|x64.ActiveCfg = Debug|x64
		{14EF3107-6A28-44EA-8690-74E6CED722A7}.Debug|x64.Build.0 = Debug|x64
		{14EF3107-6A28-44EA-8690-74E6CED722A7}.Debug|x86.ActiveCfg = Debug|Win32
		{14EF3107-6A28-44EA-8690-74E6CED722A7}.Debug|x86.Build.0 = Debug|Win32
		{14EF3107-6A28-44EA-8690-74E6CED722A7}.Release|x64.ActiveCfg = Release|x64
		{14EF3107-6A28-44EA-8690-74E6CED722A7}.Release|x64.Build.0 = Release|x64
		{14EF3107-6A28-44EA-8690-74E6CED722A7}.Release|x86.ActiveCfg = Release|Win32
		{14EF3107-6A28-44EA-8690-74E6CED722A7}.Release|x86.Build.0 = Release|Win32
		{B24A4EDF-44F5-48BF-A8EF-CB867D2326A4}.Debug|x64.ActiveCfg = Debug|x64
		{B24A4EDF-44F5-48BF-A8EF-CB867D2326A4}.Debug|x64.Build.0 = Debug|x64
		{B24A4EDF-44F5-48BF-A8EF-CB867D2326A4}.Debug|x86.ActiveCfg = Debug|Win32
		{B24A4EDF-44F5-48BF-A8EF-CB867D2326A4}.Debug|x86.Build.0 = Debug|Win32
		{B24A4EDF-44F5-48BF-A8EF-CB867D2326A4}.Release|x64.ActiveCfg = Release|x64
		{B24A4EDF-44F5-48BF-A8EF-CB867D2326A4}.Release|x64.Build.0 = Release|x64
		{B24A4EDF-44F5-48BF-A8EF-CB867D2326A4}.Release|x86.ActiveCfg = Release|Win32
		{B24A4EDF-44F5-48BF-A8EF-CB867D2326A4}.Release|x86.Build.0 = Release|Win32
		{FD33A1F4-1B8B-4309-AC45-8340C2392429}.Debug|x64.ActiveCfg = Debug|x64
		{FD33A1F4-1B8B-4309-AC45-8340C2392429}.Debug|x64.Build.0 = Debug|x64
		{FD33A1F4-1B8B-4309-AC45-8340C2392429}.Debug|x86.ActiveCfg = Debug|Win32
		{FD33A1F4-1B8B-4309-AC45-8340C2392429}.Debug|x86.Build.0 = Debug|Win32
		{FD33A1F4-1B8B-4309-AC45-8340C2392429}.Release|x64.ActiveCfg = Release|x64
		{FD33A1F4-1B8B-4309-AC45-8340C2392429}.Release|x64.Build.0 = Release|x64
		{FD33A1F4-1B8B-4309-AC45-8340C2392429}.Release|x86.ActiveCfg = Release|Win32
		{FD33A1F4-1B8B-4309-AC45-8340C2392429}.Release|x86.Build.0 = Release|Win32
		{6212E96A-C7C9-4EC5-9A02-CD241F51BCF3}.Debug|x64.ActiveCfg = Debug|x64
		{6212E96A-C7C9-4EC5-9A02-CD241F51BCF3}.Debug|x64.Build.0 = Debug|x64
		{6212E96A-C7C9-4EC5-9A02-CD241F51BCF3}.Debug|x86.ActiveCfg = Debug|Win32
		{6212E96A-C7C9-4EC5-9A02-CD241F51BCF3}.Debug|x86.Build.0 = Debug|Win32
		{6212E96A-C7C9-4EC5-9A02-CD241F51BCF3}.Release|x64.ActiveCfg = Release|x64
		{6212E96A-C7C9-4EC5-9A02-CD241F51BCF3}.Release|x64.Build.0 = Release|x64
		{6212E96A-C7C9-4EC5-9A02-CD241F51BCF3}.Release|x86.ActiveCfg = Release|Win32
		{6212E96A-C7C9-4EC5-9A02-CD241F51BCF3}.Release|x86.Build.0 = Release|Win32
		{900578E4-FDD1-4389-A623-E293B40C91D4}.Debug|x64.ActiveCfg = Debug|x64
		{900578E4-FDD1-4389-A623-E293B40C91D4}.Debug|x64.Build.0 = Debug|x64
		{900578E4-FDD1-4389-A623-E293B40C91D4}.Debug|x86.ActiveCfg = Debug|Win32
		{900578E4-FDD1-4389-A623-E293B40C91D4}.Debug|x86.Build.0 = Debug|Win32
		{900578E4-FDD1-4389-A623-E293B40C91D4}.Release|x64.ActiveCfg = Release|x64
		{900578E4-FDD1-4389-A623-E293B40C91D4}.Release|x64.Build.0 = Release|x64
		{900578E4-FDD1-4389-A623-E293B40C91D4}.Release|x86.ActiveCfg = Release|Win32
		{900578E4-FDD1-4389-A623-E293B40C91D4}.Release|x86.Build.0 = Release|Win32
		{FC40265D-CC74-4AE4-87C4-D5A0DB9817F3}.Debug|x64.ActiveCfg = Debug|x64
		{FC40265D-CC74-4AE4-87C4-D5A0DB9817F3}.Debug|x64.Build.0 = Debug|x64
		{FC40265D-CC74-4AE4-87C4-D5A0DB9817F3}.Debug|x86.ActiveCfg = Debug|Win32
		{FC40265D-CC74-4AE4-87C4-D5A0DB9817F3}.Debug|x86.Build.0 = Debug|Win32
		{FC40265D-CC74-4AE4-87C4-D5A0DB9817F3}.Release|x64.ActiveCfg = Release|x64
		{FC40265D-CC74-4AE4-87C4-D5A0DB9817F3}.Release|x64.Build.0 = Release|x64
		{FC40265D-CC74-4AE4-87C4-D5A0DB9817F3}.Release|x86.ActiveCfg = Release|Win32
		{FC40265D-CC74-4AE4-87C4-D5A0DB9817F3}.Release|x86.Build.0 = Release|Win32
	EndGlobalSection
	GlobalSection(SolutionProperties) = preSolution
		HideSolutionNode = FALSE
	EndGlobalSection
	GlobalSection(NestedProjects) = preSolution
		{1FDB0127-DD64-4F09-B33A-703B3CE625A8} = {83EF1CAF-391D-487F-A911-2AEB2F7589FF}
		{12F41A52-887F-4130-97C0-A1D1A34D7D0C} = {5ED7ABBF-4259-4FAE-875A-678EAE8097B2}
		{90B07D58-5D95-4520-82C2-84B62AB9BF70} = {5ED7ABBF-4259-4FAE-875A-678EAE8097B2}
		{0B1E7EE2-0824-4590-8701-D688EE7BF134} = {5ED7ABBF-4259-4FAE-875A-678EAE8097B2}
		{FF77647D-5CC8-462D-940D-844B62C701C6} = {5ED7ABBF-4259-4FAE-875A-678EAE8097B2}
		{8FB3E489-0333-4D95-A366-97045ADE3DAA} = {5ED7ABBF-4259-4FAE-875A-678EAE8097B2}
		{14EF3107-6A28-44EA-8690-74E6CED722A7} = {8D3E8A50-A184-4345-B60B-142FF26FD3CF}
		{B24A4EDF-44F5-48BF-A8EF-CB867D2326A4} = {8D3E8A50-A184-4345-B60B-142FF26FD3CF}
		{FD33A1F4-1B8B-4309-AC45-8340C2392429} = {8D3E8A50-A184-4345-B60B-142FF26FD3CF}
		{6212E96A-C7C9-4EC5-9A02-CD241F51BCF3} = {8D3E8A50-A184-4345-B60B-142FF26FD3CF}
		{900578E4-FDD1-4389-A623-E293B40C91D4} = {8D3E8A50-A184-4345-B60B-142FF26FD3CF}
		{FC40265D-CC74-4AE4-87C4-D5A0DB9817F3} = {8D3E8A50-A184-4345-B60B-142FF26FD3CF}
	EndGlobalSection
	GlobalSection(ExtensibilityGlobals) = postSolution
		SolutionGuid = {3A0E9C63-49C5-40D8-B13E-89857849D6D8}
	EndGlobalSection
EndGlobal
